{
  "name": "web-vr",
  "version": "1.0.0",
  "lockfileVersion": 2,
  "requires": true,
  "packages": {
    "": {
      "version": "1.0.0",
      "license": "MIT",
      "dependencies": {
        "panolens": "^0.10.4",
        "three": "^0.130.1"
      }
    },
    "node_modules/panolens": {
      "version": "0.10.4",
      "resolved": "https://registry.npmjs.org/panolens/-/panolens-0.10.4.tgz",
      "integrity": "sha512-/iPeuCEhAStEw2+pDYj2VrOSw0Fge2bgz842GfrN0GEBH2VQL2s+5qG8ze7N1Chg9o8aEiNQqNHJxXk9S3HMMg=="
    },
    "node_modules/three": {
      "version": "0.130.1",
      "resolved": "https://registry.npmjs.org/three/-/three-0.130.1.tgz",
      "integrity": "sha512-OSPPKcGvFSiGkG3jFrwwC76PBV/ZSrGxpBbg28bW8s9GU8r/y2spNGtEXHEb/CVqo0Ctf5Lx2rVaxQZB6OasaA=="
    }
  },
  "dependencies": {
    "panolens": {
      "version": "0.10.4",
      "resolved": "https://registry.npmjs.org/panolens/-/panolens-0.10.4.tgz",
      "integrity": "sha512-/iPeuCEhAStEw2+pDYj2VrOSw0Fge2bgz842GfrN0GEBH2VQL2s+5qG8ze7N1Chg9o8aEiNQqNHJxXk9S3HMMg=="
    },
    "three": {
      "version": "0.130.1",
      "resolved": "https://registry.npmjs.org/three/-/three-0.130.1.tgz",
      "integrity": "sha512-OSPPKcGvFSiGkG3jFrwwC76PBV/ZSrGxpBbg28bW8s9GU8r/y2spNGtEXHEb/CVqo0Ctf5Lx2rVaxQZB6OasaA=="
    }
  }
}
